
Microsoft Visual Studio Solution File, Format Version 12.00
# Visual Studio Version 17
VisualStudioVersion = 17.11.35222.181
MinimumVisualStudioVersion = 10.0.40219.1
Project("{FAE04EC0-301F-11D3-BF4B-00C04F79EFBC}") = "TaskSchedulerApp", "TaskSchedulerApp\TaskSchedulerApp.csproj", "{52972797-1DC1-4854-8960-13A6221CEEC0}"
EndProject
Global
	GlobalSection(SolutionConfigurationPlatforms) = preSolution
		Debug|Any CPU = Debug|Any CPU
		Release|Any CPU = Release|Any CPU
	EndGlobalSection
	GlobalSection(ProjectConfigurationPlatforms) = postSolution
		{52972797-1DC1-4854-8960-13A6221CEEC0}.Debug|Any CPU.ActiveCfg = Debug|Any CPU
		{52972797-1DC1-4854-8960-13A6221CEEC0}.Debug|Any CPU.Build.0 = Debug|Any CPU
		{52972797-1DC1-4854-8960-13A6221CEEC0}.Release|Any CPU.ActiveCfg = Release|Any CPU
		{52972797-1DC1-4854-8960-13A6221CEEC0}.Release|Any CPU.Build.0 = Release|Any CPU
	EndGlobalSection
	GlobalSection(SolutionProperties) = preSolution
		HideSolutionNode = FALSE
	EndGlobalSection
	GlobalSection(ExtensibilityGlobals) = postSolution
		SolutionGuid = {3DDCB23B-6CF5-4183-A948-62D289043E08}
	EndGlobalSection
EndGlobal
